
Microsoft Visual Studio Solution File, Format Version 12.00
# Visual Studio Version 17
VisualStudioVersion = 17.14.36811.4 d17.14
MinimumVisualStudioVersion = 10.0.40219.1
Project("{FAE04EC0-301F-11D3-BF4B-00C04F79EFBC}") = "Wedd-Page-SaraAndAlex", "Wedd-Page-SaraAndAlex\Wedd-Page-SaraAndAlex.csproj", "{85D44D26-7EEC-4D84-8F2E-583367807399}"
EndProject
Global
	GlobalSection(SolutionConfigurationPlatforms) = preSolution
		Debug|Any CPU = Debug|Any CPU
		Release|Any CPU = Release|Any CPU
	EndGlobalSection
	GlobalSection(ProjectConfigurationPlatforms) = postSolution
		{85D44D26-7EEC-4D84-8F2E-583367807399}.Debug|Any CPU.ActiveCfg = Debug|Any CPU
		{85D44D26-7EEC-4D84-8F2E-583367807399}.Debug|Any CPU.Build.0 = Debug|Any CPU
		{85D44D26-7EEC-4D84-8F2E-583367807399}.Release|Any CPU.ActiveCfg = Release|Any CPU
		{85D44D26-7EEC-4D84-8F2E-583367807399}.Release|Any CPU.Build.0 = Release|Any CPU
	EndGlobalSection
	GlobalSection(SolutionProperties) = preSolution
		HideSolutionNode = FALSE
	EndGlobalSection
	GlobalSection(ExtensibilityGlobals) = postSolution
		SolutionGuid = {9C599D6F-468C-4AD5-A1DE-4EA19086A75E}
	EndGlobalSection
EndGlobal
